// !$*UTF8*$!
{
	archiveVersion = 1;
	classes = {
	};
	objectVersion = 56;
	objects = {

/* Begin PBXBuildFile section */
		F6E969A82C01FD360064AEAC /* MultiToggleApp.swift in Sources */ = {isa = PBXBuildFile; fileRef = F6E969A72C01FD360064AEAC /* MultiToggleApp.swift */; };
		F6E969AA2C01FD360064AEAC /* Switchers.swift in Sources */ = {isa = PBXBuildFile; fileRef = F6E969A92C01FD360064AEAC /* Switchers.swift */; };
		F6E969AC2C01FD370064AEAC /* Assets.xcassets in Resources */ = {isa = PBXBuildFile; fileRef = F6E969AB2C01FD370064AEAC /* Assets.xcassets */; };
		F6E969AF2C01FD370064AEAC /* Preview Assets.xcassets in Resources */ = {isa = PBXBuildFile; fileRef = F6E969AE2C01FD370064AEAC /* Preview Assets.xcassets */; };
		F6E969B92C01FD370064AEAC /* MultiToggleTests.swift in Sources */ = {isa = PBXBuildFile; fileRef = F6E969B82C01FD370064AEAC /* MultiToggleTests.swift */; };
		F6E969C32C01FD370064AEAC /* MultiToggleUITests.swift in Sources */ = {isa = PBXBuildFile; fileRef = F6E969C22C01FD370064AEAC /* MultiToggleUITests.swift */; };
		F6E969C52C01FD370064AEAC /* MultiToggleUITestsLaunchTests.swift in Sources */ = {isa = PBXBuildFile; fileRef = F6E969C42C01FD370064AEAC /* MultiToggleUITestsLaunchTests.swift */; };
/* End PBXBuildFile section */

/* Begin PBXContainerItemProxy section */
		F6E969B52C01FD370064AEAC /* PBXContainerItemProxy */ = {
			isa = PBXContainerItemProxy;
			containerPortal = F6E9699C2C01FD360064AEAC /* Project object */;
			proxyType = 1;
			remoteGlobalIDString = F6E969A32C01FD360064AEAC;
			remoteInfo = MultiToggle;
		};
		F6E969BF2C01FD370064AEAC /* PBXContainerItemProxy */ = {
			isa = PBXContainerItemProxy;
			containerPortal = F6E9699C2C01FD360064AEAC /* Project object */;
			proxyType = 1;
			remoteGlobalIDString = F6E969A32C01FD360064AEAC;
			remoteInfo = MultiToggle;
		};
/* End PBXContainerItemProxy section */

/* Begin PBXFileReference section */
		F6E969A42C01FD360064AEAC /* MultiToggle.app */ = {isa = PBXFileReference; explicitFileType = wrapper.application; includeInIndex = 0; path = MultiToggle.app; sourceTree = BUILT_PRODUCTS_DIR; };
		F6E969A72C01FD360064AEAC /* MultiToggleApp.swift */ = {isa = PBXFileReference; lastKnownFileType = sourcecode.swift; path = MultiToggleApp.swift; sourceTree = "<group>"; };
		F6E969A92C01FD360064AEAC /* Switchers.swift */ = {isa = PBXFileReference; lastKnownFileType = sourcecode.swift; path = Switchers.swift; sourceTree = "<group>"; };
		F6E969AB2C01FD370064AEAC /* Assets.xcassets */ = {isa = PBXFileReference; lastKnownFileType = folder.assetcatalog; path = Assets.xcassets; sourceTree = "<group>"; };
		F6E969AE2C01FD370064AEAC /* Preview Assets.xcassets */ = {isa = PBXFileReference; lastKnownFileType = folder.assetcatalog; path = "Preview Assets.xcassets"; sourceTree = "<group>"; };
		F6E969B42C01FD370064AEAC /* MultiToggleTests.xctest */ = {isa = PBXFileReference; explicitFileType = wrapper.cfbundle; includeInIndex = 0; path = MultiToggleTests.xctest; sourceTree = BUILT_PRODUCTS_DIR; };
		F6E969B82C01FD370064AEAC /* MultiToggleTests.swift */ = {isa = PBXFileReference; lastKnownFileType = sourcecode.swift; path = MultiToggleTests.swift; sourceTree = "<group>"; };
		F6E969BE2C01FD370064AEAC /* MultiToggleUITests.xctest */ = {isa = PBXFileReference; explicitFileType = wrapper.cfbundle; includeInIndex = 0; path = MultiToggleUITests.xctest; sourceTree = BUILT_PRODUCTS_DIR; };
		F6E969C22C01FD370064AEAC /* MultiToggleUITests.swift */ = {isa = PBXFileReference; lastKnownFileType = sourcecode.swift; path = MultiToggleUITests.swift; sourceTree = "<group>"; };
		F6E969C42C01FD370064AEAC /* MultiToggleUITestsLaunchTests.swift */ = {isa = PBXFileReference; lastKnownFileType = sourcecode.swift; path = MultiToggleUITestsLaunchTests.swift; sourceTree = "<group>"; };
/* End PBXFileReference section */

/* Begin PBXFrameworksBuildPhase section */
		F6E969A12C01FD360064AEAC /* Frameworks */ = {
			isa = PBXFrameworksBuildPhase;
			buildActionMask = 2147483647;
			files = (
			);
			runOnlyForDeploymentPostprocessing = 0;
		};
		F6E969B12C01FD370064AEAC /* Frameworks */ = {
			isa = PBXFrameworksBuildPhase;
			buildActionMask = 2147483647;
			files = (
			);
			runOnlyForDeploymentPostprocessing = 0;
		};
		F6E969BB2C01FD370064AEAC /* Frameworks */ = {
			isa = PBXFrameworksBuildPhase;
			buildActionMask = 2147483647;
			files = (
			);
			runOnlyForDeploymentPostprocessing = 0;
		};
/* End PBXFrameworksBuildPhase section */

/* Begin PBXGroup section */
		F6E9699B2C01FD360064AEAC = {
			isa = PBXGroup;
			children = (
				F6E969A62C01FD360064AEAC /* MultiToggle */,
				F6E969B72C01FD370064AEAC /* MultiToggleTests */,
				F6E969C12C01FD370064AEAC /* MultiToggleUITests */,
				F6E969A52C01FD360064AEAC /* Products */,
			);
			sourceTree = "<group>";
		};
		F6E969A52C01FD360064AEAC /* Products */ = {
			isa = PBXGroup;
			children = (
				F6E969A42C01FD360064AEAC /* MultiToggle.app */,
				F6E969B42C01FD370064AEAC /* MultiToggleTests.xctest */,
				F6E969BE2C01FD370064AEAC /* MultiToggleUITests.xctest */,
			);
			name = Products;
			sourceTree = "<group>";
		};
		F6E969A62C01FD360064AEAC /* MultiToggle */ = {
			isa = PBXGroup;
			children = (
				F6E969A72C01FD360064AEAC /* MultiToggleApp.swift */,
				F6E969A92C01FD360064AEAC /* Switchers.swift */,
				F6E969AB2C01FD370064AEAC /* Assets.xcassets */,
				F6E969AD2C01FD370064AEAC /* Preview Content */,
			);
			path = MultiToggle;
			sourceTree = "<group>";
		};
		F6E969AD2C01FD370064AEAC /* Preview Content */ = {
			isa = PBXGroup;
			children = (
				F6E969AE2C01FD370064AEAC /* Preview Assets.xcassets */,
			);
			path = "Preview Content";
			sourceTree = "<group>";
		};
		F6E969B72C01FD370064AEAC /* MultiToggleTests */ = {
			isa = PBXGroup;
			children = (
				F6E969B82C01FD370064AEAC /* MultiToggleTests.swift */,
			);
			path = MultiToggleTests;
			sourceTree = "<group>";
		};
		F6E969C12C01FD370064AEAC /* MultiToggleUITests */ = {
			isa = PBXGroup;
			children = (
				F6E969C22C01FD370064AEAC /* MultiToggleUITests.swift */,
				F6E969C42C01FD370064AEAC /* MultiToggleUITestsLaunchTests.swift */,
			);
			path = MultiToggleUITests;
			sourceTree = "<group>";
		};
/* End PBXGroup section */

/* Begin PBXNativeTarget section */
		F6E969A32C01FD360064AEAC /* MultiToggle */ = {
			isa = PBXNativeTarget;
			buildConfigurationList = F6E969C82C01FD370064AEAC /* Build configuration list for PBXNativeTarget "MultiToggle" */;
			buildPhases = (
				F6E969A02C01FD360064AEAC /* Sources */,
				F6E969A12C01FD360064AEAC /* Frameworks */,
				F6E969A22C01FD360064AEAC /* Resources */,
			);
			buildRules = (
			);
			dependencies = (
			);
			name = MultiToggle;
			productName = MultiToggle;
			productReference = F6E969A42C01FD360064AEAC /* MultiToggle.app */;
			productType = "com.apple.product-type.application";
		};
		F6E969B32C01FD370064AEAC /* MultiToggleTests */ = {
			isa = PBXNativeTarget;
			buildConfigurationList = F6E969CB2C01FD370064AEAC /* Build configuration list for PBXNativeTarget "MultiToggleTests" */;
			buildPhases = (
				F6E969B02C01FD370064AEAC /* Sources */,
				F6E969B12C01FD370064AEAC /* Frameworks */,
				F6E969B22C01FD370064AEAC /* Resources */,
			);
			buildRules = (
			);
			dependencies = (
				F6E969B62C01FD370064AEAC /* PBXTargetDependency */,
			);
			name = MultiToggleTests;
			productName = MultiToggleTests;
			productReference = F6E969B42C01FD370064AEAC /* MultiToggleTests.xctest */;
			productType = "com.apple.product-type.bundle.unit-test";
		};
		F6E969BD2C01FD370064AEAC /* MultiToggleUITests */ = {
			isa = PBXNativeTarget;
			buildConfigurationList = F6E969CE2C01FD370064AEAC /* Build configuration list for PBXNativeTarget "MultiToggleUITests" */;
			buildPhases = (
				F6E969BA2C01FD370064AEAC /* Sources */,
				F6E969BB2C01FD370064AEAC /* Frameworks */,
				F6E969BC2C01FD370064AEAC /* Resources */,
			);
			buildRules = (
			);
			dependencies = (
				F6E969C02C01FD370064AEAC /* PBXTargetDependency */,
			);
			name = MultiToggleUITests;
			productName = MultiToggleUITests;
			productReference = F6E969BE2C01FD370064AEAC /* MultiToggleUITests.xctest */;
			productType = "com.apple.product-type.bundle.ui-testing";
		};
/* End PBXNativeTarget section */

/* Begin PBXProject section */
		F6E9699C2C01FD360064AEAC /* Project object */ = {
			isa = PBXProject;
			attributes = {
				BuildIndependentTargetsInParallel = 1;
				LastSwiftUpdateCheck = 1540;
				LastUpgradeCheck = 1540;
				TargetAttributes = {
					F6E969A32C01FD360064AEAC = {
						CreatedOnToolsVersion = 15.4;
					};
					F6E969B32C01FD370064AEAC = {
						CreatedOnToolsVersion = 15.4;
						TestTargetID = F6E969A32C01FD360064AEAC;
					};
					F6E969BD2C01FD370064AEAC = {
						CreatedOnToolsVersion = 15.4;
						TestTargetID = F6E969A32C01FD360064AEAC;
					};
				};
			};
			buildConfigurationList = F6E9699F2C01FD360064AEAC /* Build configuration list for PBXProject "MultiToggle" */;
			compatibilityVersion = "Xcode 14.0";
			developmentRegion = en;
			hasScannedForEncodings = 0;
			knownRegions = (
				en,
				Base,
			);
			mainGroup = F6E9699B2C01FD360064AEAC;
			productRefGroup = F6E969A52C01FD360064AEAC /* Products */;
			projectDirPath = "";
			projectRoot = "";
			targets = (
				F6E969A32C01FD360064AEAC /* MultiToggle */,
				F6E969B32C01FD370064AEAC /* MultiToggleTests */,
				F6E969BD2C01FD370064AEAC /* MultiToggleUITests */,
			);
		};
/* End PBXProject section */

/* Begin PBXResourcesBuildPhase section */
		F6E969A22C01FD360064AEAC /* Resources */ = {
			isa = PBXResourcesBuildPhase;
			buildActionMask = 2147483647;
			files = (
				F6E969AF2C01FD370064AEAC /* Preview Assets.xcassets in Resources */,
				F6E969AC2C01FD370064AEAC /* Assets.xcassets in Resources */,
			);
			runOnlyForDeploymentPostprocessing = 0;
		};
		F6E969B22C01FD370064AEAC /* Resources */ = {
			isa = PBXResourcesBuildPhase;
			buildActionMask = 2147483647;
			files = (
			);
			runOnlyForDeploymentPostprocessing = 0;
		};
		F6E969BC2C01FD370064AEAC /* Resources */ = {
			isa = PBXResourcesBuildPhase;
			buildActionMask = 2147483647;
			files = (
			);
			runOnlyForDeploymentPostprocessing = 0;
		};
/* End PBXResourcesBuildPhase section */

/* Begin PBXSourcesBuildPhase section */
		F6E969A02C01FD360064AEAC /* Sources */ = {
			isa = PBXSourcesBuildPhase;
			buildActionMask = 2147483647;
			files = (
				F6E969AA2C01FD360064AEAC /* Switchers.swift in Sources */,
				F6E969A82C01FD360064AEAC /* MultiToggleApp.swift in Sources */,
			);
			runOnlyForDeploymentPostprocessing = 0;
		};
		F6E969B02C01FD370064AEAC /* Sources */ = {
			isa = PBXSourcesBuildPhase;
			buildActionMask = 2147483647;
			files = (
				F6E969B92C01FD370064AEAC /* MultiToggleTests.swift in Sources */,
			);
			runOnlyForDeploymentPostprocessing = 0;
		};
		F6E969BA2C01FD370064AEAC /* Sources */ = {
			isa = PBXSourcesBuildPhase;
			buildActionMask = 2147483647;
			files = (
				F6E969C52C01FD370064AEAC /* MultiToggleUITestsLaunchTests.swift in Sources */,
				F6E969C32C01FD370064AEAC /* MultiToggleUITests.swift in Sources */,
			);
			runOnlyForDeploymentPostprocessing = 0;
		};
/* End PBXSourcesBuildPhase section */

/* Begin PBXTargetDependency section */
		F6E969B62C01FD370064AEAC /* PBXTargetDependency */ = {
			isa = PBXTargetDependency;
			target = F6E969A32C01FD360064AEAC /* MultiToggle */;
			targetProxy = F6E969B52C01FD370064AEAC /* PBXContainerItemProxy */;
		};
		F6E969C02C01FD370064AEAC /* PBXTargetDependency */ = {
			isa = PBXTargetDependency;
			target = F6E969A32C01FD360064AEAC /* MultiToggle */;
			targetProxy = F6E969BF2C01FD370064AEAC /* PBXContainerItemProxy */;
		};
/* End PBXTargetDependency section */

/* Begin XCBuildConfiguration section */
		F6E969C62C01FD370064AEAC /* Debug */ = {
			isa = XCBuildConfiguration;
			buildSettings = {
				ALWAYS_SEARCH_USER_PATHS = NO;
				ASSETCATALOG_COMPILER_GENERATE_SWIFT_ASSET_SYMBOL_EXTENSIONS = YES;
				CLANG_ANALYZER_NONNULL = YES;
				CLANG_ANALYZER_NUMBER_OBJECT_CONVERSION = YES_AGGRESSIVE;
				CLANG_CXX_LANGUAGE_STANDARD = "gnu++20";
				CLANG_ENABLE_MODULES = YES;
				CLANG_ENABLE_OBJC_ARC = YES;
				CLANG_ENABLE_OBJC_WEAK = YES;
				CLANG_WARN_BLOCK_CAPTURE_AUTORELEASING = YES;
				CLANG_WARN_BOOL_CONVERSION = YES;
				CLANG_WARN_COMMA = YES;
				CLANG_WARN_CONSTANT_CONVERSION = YES;
				CLANG_WARN_DEPRECATED_OBJC_IMPLEMENTATIONS = YES;
				CLANG_WARN_DIRECT_OBJC_ISA_USAGE = YES_ERROR;
				CLANG_WARN_DOCUMENTATION_COMMENTS = YES;
				CLANG_WARN_EMPTY_BODY = YES;
				CLANG_WARN_ENUM_CONVERSION = YES;
				CLANG_WARN_INFINITE_RECURSION = YES;
				CLANG_WARN_INT_CONVERSION = YES;
				CLANG_WARN_NON_LITERAL_NULL_CONVERSION = YES;
				CLANG_WARN_OBJC_IMPLICIT_RETAIN_SELF = YES;
				CLANG_WARN_OBJC_LITERAL_CONVERSION = YES;
				CLANG_WARN_OBJC_ROOT_CLASS = YES_ERROR;
				CLANG_WARN_QUOTED_INCLUDE_IN_FRAMEWORK_HEADER = YES;
				CLANG_WARN_RANGE_LOOP_ANALYSIS = YES;
				CLANG_WARN_STRICT_PROTOTYPES = YES;
				CLANG_WARN_SUSPICIOUS_MOVE = YES;
				CLANG_WARN_UNGUARDED_AVAILABILITY = YES_AGGRESSIVE;
				CLANG_WARN_UNREACHABLE_CODE = YES;
				CLANG_WARN__DUPLICATE_METHOD_MATCH = YES;
				COPY_PHASE_STRIP = NO;
				DEBUG_INFORMATION_FORMAT = dwarf;
				ENABLE_STRICT_OBJC_MSGSEND = YES;
				ENABLE_TESTABILITY = YES;
				ENABLE_USER_SCRIPT_SANDBOXING = YES;
				GCC_C_LANGUAGE_STANDARD = gnu17;
				GCC_DYNAMIC_NO_PIC = NO;
				GCC_NO_COMMON_BLOCKS = YES;
				GCC_OPTIMIZATION_LEVEL = 0;
				GCC_PREPROCESSOR_DEFINITIONS = (
					"DEBUG=1",
					"$(inherited)",
				);
				GCC_WARN_64_TO_32_BIT_CONVERSION = YES;
				GCC_WARN_ABOUT_RETURN_TYPE = YES_ERROR;
				GCC_WARN_UNDECLARED_SELECTOR = YES;
				GCC_WARN_UNINITIALIZED_AUTOS = YES_AGGRESSIVE;
				GCC_WARN_UNUSED_FUNCTION = YES;
				GCC_WARN_UNUSED_VARIABLE = YES;
				IPHONEOS_DEPLOYMENT_TARGET = 17.5;
				LOCALIZATION_PREFERS_STRING_CATALOGS = YES;
				MTL_ENABLE_DEBUG_INFO = INCLUDE_SOURCE;
				MTL_FAST_MATH = YES;
				ONLY_ACTIVE_ARCH = YES;
				SDKROOT = iphoneos;
				SWIFT_ACTIVE_COMPILATION_CONDITIONS = "DEBUG $(inherited)";
				SWIFT_OPTIMIZATION_LEVEL = "-Onone";
			};
			name = Debug;
		};
		F6E969C72C01FD370064AEAC /* Release */ = {
			isa = XCBuildConfiguration;
			buildSettings = {
				ALWAYS_SEARCH_USER_PATHS = NO;
				ASSETCATALOG_COMPILER_GENERATE_SWIFT_ASSET_SYMBOL_EXTENSIONS = YES;
				CLANG_ANALYZER_NONNULL = YES;
				CLANG_ANALYZER_NUMBER_OBJECT_CONVERSION = YES_AGGRESSIVE;
				CLANG_CXX_LANGUAGE_STANDARD = "gnu++20";
				CLANG_ENABLE_MODULES = YES;
				CLANG_ENABLE_OBJC_ARC = YES;
				CLANG_ENABLE_OBJC_WEAK = YES;
				CLANG_WARN_BLOCK_CAPTURE_AUTORELEASING = YES;
				CLANG_WARN_BOOL_CONVERSION = YES;
				CLANG_WARN_COMMA = YES;
				CLANG_WARN_CONSTANT_CONVERSION = YES;
				CLANG_WARN_DEPRECATED_OBJC_IMPLEMENTATIONS = YES;
				CLANG_WARN_DIRECT_OBJC_ISA_USAGE = YES_ERROR;
				CLANG_WARN_DOCUMENTATION_COMMENTS = YES;
				CLANG_WARN_EMPTY_BODY = YES;
				CLANG_WARN_ENUM_CONVERSION = YES;
				CLANG_WARN_INFINITE_RECURSION = YES;
				CLANG_WARN_INT_CONVERSION = YES;
				CLANG_WARN_NON_LITERAL_NULL_CONVERSION = YES;
				CLANG_WARN_OBJC_IMPLICIT_RETAIN_SELF = YES;
				CLANG_WARN_OBJC_LITERAL_CONVERSION = YES;
				CLANG_WARN_OBJC_ROOT_CLASS = YES_ERROR;
				CLANG_WARN_QUOTED_INCLUDE_IN_FRAMEWORK_HEADER = YES;
				CLANG_WARN_RANGE_LOOP_ANALYSIS = YES;
				CLANG_WARN_STRICT_PROTOTYPES = YES;
				CLANG_WARN_SUSPICIOUS_MOVE = YES;
				CLANG_WARN_UNGUARDED_AVAILABILITY = YES_AGGRESSIVE;
				CLANG_WARN_UNREACHABLE_CODE = YES;
				CLANG_WARN__DUPLICATE_METHOD_MATCH = YES;
				COPY_PHASE_STRIP = NO;
				DEBUG_INFORMATION_FORMAT = "dwarf-with-dsym";
				ENABLE_NS_ASSERTIONS = NO;
				ENABLE_STRICT_OBJC_MSGSEND = YES;
				ENABLE_USER_SCRIPT_SANDBOXING = YES;
				GCC_C_LANGUAGE_STANDARD = gnu17;
				GCC_NO_COMMON_BLOCKS = YES;
				GCC_WARN_64_TO_32_BIT_CONVERSION = YES;
				GCC_WARN_ABOUT_RETURN_TYPE = YES_ERROR;
				GCC_WARN_UNDECLARED_SELECTOR = YES;
				GCC_WARN_UNINITIALIZED_AUTOS = YES_AGGRESSIVE;
				GCC_WARN_UNUSED_FUNCTION = YES;
				GCC_WARN_UNUSED_VARIABLE = YES;
				IPHONEOS_DEPLOYMENT_TARGET = 17.5;
				LOCALIZATION_PREFERS_STRING_CATALOGS = YES;
				MTL_ENABLE_DEBUG_INFO = NO;
				MTL_FAST_MATH = YES;
				SDKROOT = iphoneos;
				SWIFT_COMPILATION_MODE = wholemodule;
				VALIDATE_PRODUCT = YES;
			};
			name = Release;
		};
		F6E969C92C01FD370064AEAC /* Debug */ = {
			isa = XCBuildConfiguration;
			buildSettings = {
				ASSETCATALOG_COMPILER_APPICON_NAME = AppIcon;
				ASSETCATALOG_COMPILER_GLOBAL_ACCENT_COLOR_NAME = AccentColor;
				CODE_SIGN_STYLE = Automatic;
				CURRENT_PROJECT_VERSION = 1;
				DEVELOPMENT_ASSET_PATHS = "\"MultiToggle/Preview Content\"";
				ENABLE_PREVIEWS = YES;
				GENERATE_INFOPLIST_FILE = YES;
				INFOPLIST_KEY_UIApplicationSceneManifest_Generation = YES;
				INFOPLIST_KEY_UIApplicationSupportsIndirectInputEvents = YES;
				INFOPLIST_KEY_UILaunchScreen_Generation = YES;
				INFOPLIST_KEY_UISupportedInterfaceOrientations_iPad = "UIInterfaceOrientationPortrait UIInterfaceOrientationPortraitUpsideDown UIInterfaceOrientationLandscapeLeft UIInterfaceOrientationLandscapeRight";
				INFOPLIST_KEY_UISupportedInterfaceOrientations_iPhone = "UIInterfaceOrientationPortrait UIInterfaceOrientationLandscapeLeft UIInterfaceOrientationLandscapeRight";
				LD_RUNPATH_SEARCH_PATHS = (
					"$(inherited)",
					"@executable_path/Frameworks",
				);
				MARKETING_VERSION = 1.0;
				PRODUCT_BUNDLE_IDENTIFIER = hdz.tutorial1.MultiToggle;
				PRODUCT_NAME = "$(TARGET_NAME)";
				SWIFT_EMIT_LOC_STRINGS = YES;
				SWIFT_VERSION = 5.0;
				TARGETED_DEVICE_FAMILY = "1,2";
			};
			name = Debug;
		};
		F6E969CA2C01FD370064AEAC /* Release */ = {
			isa = XCBuildConfiguration;
			buildSettings = {
				ASSETCATALOG_COMPILER_APPICON_NAME = AppIcon;
				ASSETCATALOG_COMPILER_GLOBAL_ACCENT_COLOR_NAME = AccentColor;
				CODE_SIGN_STYLE = Automatic;
				CURRENT_PROJECT_VERSION = 1;
				DEVELOPMENT_ASSET_PATHS = "\"MultiToggle/Preview Content\"";
				ENABLE_PREVIEWS = YES;
				GENERATE_INFOPLIST_FILE = YES;
				INFOPLIST_KEY_UIApplicationSceneManifest_Generation = YES;
				INFOPLIST_KEY_UIApplicationSupportsIndirectInputEvents = YES;
				INFOPLIST_KEY_UILaunchScreen_Generation = YES;
				INFOPLIST_KEY_UISupportedInterfaceOrientations_iPad = "UIInterfaceOrientationPortrait UIInterfaceOrientationPortraitUpsideDown UIInterfaceOrientationLandscapeLeft UIInterfaceOrientationLandscapeRight";
				INFOPLIST_KEY_UISupportedInterfaceOrientations_iPhone = "UIInterfaceOrientationPortrait UIInterfaceOrientationLandscapeLeft UIInterfaceOrientationLandscapeRight";
				LD_RUNPATH_SEARCH_PATHS = (
					"$(inherited)",
					"@executable_path/Frameworks",
				);
				MARKETING_VERSION = 1.0;
				PRODUCT_BUNDLE_IDENTIFIER = hdz.tutorial1.MultiToggle;
				PRODUCT_NAME = "$(TARGET_NAME)";
				SWIFT_EMIT_LOC_STRINGS = YES;
				SWIFT_VERSION = 5.0;
				TARGETED_DEVICE_FAMILY = "1,2";
			};
			name = Release;
		};
		F6E969CC2C01FD370064AEAC /* Debug */ = {
			isa = XCBuildConfiguration;
			buildSettings = {
				ALWAYS_EMBED_SWIFT_STANDARD_LIBRARIES = YES;
				BUNDLE_LOADER = "$(TEST_HOST)";
				CODE_SIGN_STYLE = Automatic;
				CURRENT_PROJECT_VERSION = 1;
				GENERATE_INFOPLIST_FILE = YES;
				IPHONEOS_DEPLOYMENT_TARGET = 17.5;
				MARKETING_VERSION = 1.0;
				PRODUCT_BUNDLE_IDENTIFIER = hdz.tutorial1.MultiToggleTests;
				PRODUCT_NAME = "$(TARGET_NAME)";
				SWIFT_EMIT_LOC_STRINGS = NO;
				SWIFT_VERSION = 5.0;
				TARGETED_DEVICE_FAMILY = "1,2";
				TEST_HOST = "$(BUILT_PRODUCTS_DIR)/MultiToggle.app/$(BUNDLE_EXECUTABLE_FOLDER_PATH)/MultiToggle";
			};
			name = Debug;
		};
		F6E969CD2C01FD370064AEAC /* Release */ = {
			isa = XCBuildConfiguration;
			buildSettings = {
				ALWAYS_EMBED_SWIFT_STANDARD_LIBRARIES = YES;
				BUNDLE_LOADER = "$(TEST_HOST)";
				CODE_SIGN_STYLE = Automatic;
				CURRENT_PROJECT_VERSION = 1;
				GENERATE_INFOPLIST_FILE = YES;
				IPHONEOS_DEPLOYMENT_TARGET = 17.5;
				MARKETING_VERSION = 1.0;
				PRODUCT_BUNDLE_IDENTIFIER = hdz.tutorial1.MultiToggleTests;
				PRODUCT_NAME = "$(TARGET_NAME)";
				SWIFT_EMIT_LOC_STRINGS = NO;
				SWIFT_VERSION = 5.0;
				TARGETED_DEVICE_FAMILY = "1,2";
				TEST_HOST = "$(BUILT_PRODUCTS_DIR)/MultiToggle.app/$(BUNDLE_EXECUTABLE_FOLDER_PATH)/MultiToggle";
			};
			name = Release;
		};
		F6E969CF2C01FD370064AEAC /* Debug */ = {
			isa = XCBuildConfiguration;
			buildSettings = {
				ALWAYS_EMBED_SWIFT_STANDARD_LIBRARIES = YES;
				CODE_SIGN_STYLE = Automatic;
				CURRENT_PROJECT_VERSION = 1;
				GENERATE_INFOPLIST_FILE = YES;
				MARKETING_VERSION = 1.0;
				PRODUCT_BUNDLE_IDENTIFIER = hdz.tutorial1.MultiToggleUITests;
				PRODUCT_NAME = "$(TARGET_NAME)";
				SWIFT_EMIT_LOC_STRINGS = NO;
				SWIFT_VERSION = 5.0;
				TARGETED_DEVICE_FAMILY = "1,2";
				TEST_TARGET_NAME = MultiToggle;
			};
			name = Debug;
		};
		F6E969D02C01FD370064AEAC /* Release */ = {
			isa = XCBuildConfiguration;
			buildSettings = {
				ALWAYS_EMBED_SWIFT_STANDARD_LIBRARIES = YES;
				CODE_SIGN_STYLE = Automatic;
				CURRENT_PROJECT_VERSION = 1;
				GENERATE_INFOPLIST_FILE = YES;
				MARKETING_VERSION = 1.0;
				PRODUCT_BUNDLE_IDENTIFIER = hdz.tutorial1.MultiToggleUITests;
				PRODUCT_NAME = "$(TARGET_NAME)";
				SWIFT_EMIT_LOC_STRINGS = NO;
				SWIFT_VERSION = 5.0;
				TARGETED_DEVICE_FAMILY = "1,2";
				TEST_TARGET_NAME = MultiToggle;
			};
			name = Release;
		};
/* End XCBuildConfiguration section */

/* Begin XCConfigurationList section */
		F6E9699F2C01FD360064AEAC /* Build configuration list for PBXProject "MultiToggle" */ = {
			isa = XCConfigurationList;
			buildConfigurations = (
				F6E969C62C01FD370064AEAC /* Debug */,
				F6E969C72C01FD370064AEAC /* Release */,
			);
			defaultConfigurationIsVisible = 0;
			defaultConfigurationName = Release;
		};
		F6E969C82C01FD370064AEAC /* Build configuration list for PBXNativeTarget "MultiToggle" */ = {
			isa = XCConfigurationList;
			buildConfigurations = (
				F6E969C92C01FD370064AEAC /* Debug */,
				F6E969CA2C01FD370064AEAC /* Release */,
			);
			defaultConfigurationIsVisible = 0;
			defaultConfigurationName = Release;
		};
		F6E969CB2C01FD370064AEAC /* Build configuration list for PBXNativeTarget "MultiToggleTests" */ = {
			isa = XCConfigurationList;
			buildConfigurations = (
				F6E969CC2C01FD370064AEAC /* Debug */,
				F6E969CD2C01FD370064AEAC /* Release */,
			);
			defaultConfigurationIsVisible = 0;
			defaultConfigurationName = Release;
		};
		F6E969CE2C01FD370064AEAC /* Build configuration list for PBXNativeTarget "MultiToggleUITests" */ = {
			isa = XCConfigurationList;
			buildConfigurations = (
				F6E969CF2C01FD370064AEAC /* Debug */,
				F6E969D02C01FD370064AEAC /* Release */,
			);
			defaultConfigurationIsVisible = 0;
			defaultConfigurationName = Release;
		};
/* End XCConfigurationList section */
	};
	rootObject = F6E9699C2C01FD360064AEAC /* Project object */;
}
